%{
  "benchee": {:hex, :benchee, "1.0.1", "66b211f9bfd84bd97e6d1beaddf8fc2312aaabe192f776e8931cb0c16f53a521", [:mix], [{:deep_merge, "~> 1.0", [hex: :deep_merge, repo: "hexpm", optional: false]}], "hexpm", "3ad58ae787e9c7c94dd7ceda3b587ec2c64604563e049b2a0e8baafae832addb"},
  "deep_merge": {:hex, :deep_merge, "1.0.0", "b4aa1a0d1acac393bdf38b2291af38cb1d4a52806cf7a4906f718e1feb5ee961", [:mix], [], "hexpm", "ce708e5f094b9cd4e8f2be4f00d2f4250c4095be93f8cd6d018c753894885430"},
  "delta_crdt": {:hex, :delta_crdt, "0.6.2", "7303a4f7ca303e8dc6c4ba7c996804a4acd3bd0dbef02b1c3089503b45799e95", [:mix], [{:merkle_map, "~> 0.2.0", [hex: :merkle_map, repo: "hexpm", optional: false]}, {:telemetry, "~> 0.4.0", [hex: :telemetry, repo: "hexpm", optional: false]}], "hexpm", "816de91652a63d5ff5834ac48ba69615d083bb191260e53f1c361be26d413816"},
  "flow": {:hex, :flow, "1.1.0", "b569c1042cb2da97103f6d70a0267a5657dce1402f41b4020bef98bbef9c7c1e", [:mix], [{:gen_stage, "~> 1.0", [hex: :gen_stage, repo: "hexpm", optional: false]}], "hexpm", "066f42f7a1ea6a86cb4ef763310338981a5cfb93bcebce10863a23a4859fd785"},
  "gen_stage": {:hex, :gen_stage, "1.1.1", "78d83b14ca742f4c252770bcdf674d83378ca41579c387c57e2f06d70f596317", [:mix], [], "hexpm", "eb90d2d72609050a66ce42b7d4a69323a60c892a09ead0680d5d8ef16b9a034e"},
  "horde": {:hex, :horde, "0.8.4", "7c428543656cd838771fe5903fbefbe2f6a30f6befae657ed1998e44662d2fc5", [:mix], [{:delta_crdt, "~> 0.6.2", [hex: :delta_crdt, repo: "hexpm", optional: false]}, {:libring, "~> 1.4", [hex: :libring, repo: "hexpm", optional: false]}, {:telemetry, "~> 0.4.0", [hex: :telemetry, repo: "hexpm", optional: false]}, {:telemetry_poller, "~> 0.5.0", [hex: :telemetry_poller, repo: "hexpm", optional: false]}], "hexpm", "0433f2e37a83a68b582290cc787f35b7fc891d8221fb9cc295429a199f92678f"},
  "jason": {:hex, :jason, "1.2.2", "ba43e3f2709fd1aa1dce90aaabfd039d000469c05c56f0b8e31978e03fa39052", [:mix], [{:decimal, "~> 1.0 or ~> 2.0", [hex: :decimal, repo: "hexpm", optional: true]}], "hexpm", "18a228f5f0058ee183f29f9eae0805c6e59d61c3b006760668d8d18ff0d12179"},
  "libcluster": {:hex, :libcluster, "3.3.0", "f7d45ff56d88e9fb4c30aee662480cbab69ebc0e7f7da4ad8d01b1e4f7492da8", [:mix], [{:jason, "~> 1.1", [hex: :jason, repo: "hexpm", optional: false]}], "hexpm", "ecdcdc88334ec8eb18b10a13a1d5f22a3319a970b5b1e66cfe71c7719a4ab6cc"},
  "libring": {:hex, :libring, "1.5.0", "44313eb6862f5c9168594a061e9d5f556a9819da7c6444706a9e2da533396d70", [:mix], [], "hexpm", "04e843d4fdcff49a62d8e03778d17c6cb2a03fe2d14020d3825a1761b55bd6cc"},
  "merkle_map": {:hex, :merkle_map, "0.2.1", "01a88c87a6b9fb594c67c17ebaf047ee55ffa34e74297aa583ed87148006c4c8", [:mix], [], "hexpm", "fed4d143a5c8166eee4fa2b49564f3c4eace9cb252f0a82c1613bba905b2d04d"},
  "syn": {:hex, :syn, "2.1.3", "2613bf0164ee4631035ef67e1b29908b4eecee355bb1c70482c5ed62a12c089b", [:rebar3], [], "hexpm", "dfee2746db1cadfd2c76e29ae1685c3efb88b4bdcecbad106f6efbcf3ed1cbed"},
  "telemetry": {:hex, :telemetry, "0.4.3", "a06428a514bdbc63293cd9a6263aad00ddeb66f608163bdec7c8995784080818", [:rebar3], [], "hexpm", "eb72b8365ffda5bed68a620d1da88525e326cb82a75ee61354fc24b844768041"},
  "telemetry_poller": {:hex, :telemetry_poller, "0.5.1", "21071cc2e536810bac5628b935521ff3e28f0303e770951158c73eaaa01e962a", [:rebar3], [{:telemetry, "~> 0.4", [hex: :telemetry, repo: "hexpm", optional: false]}], "hexpm", "4cab72069210bc6e7a080cec9afffad1b33370149ed5d379b81c7c5f0c663fd4"},
}
